
Microsoft Visual Studio Solution File, Format Version 12.00
# Visual Studio Version 17
VisualStudioVersion = 17.7.34018.315
MinimumVisualStudioVersion = 10.0.40219.1
Project("{FAE04EC0-301F-11D3-BF4B-00C04F79EFBC}") = "work-svg", "work-svg\work-svg.csproj", "{4C4557E2-A8FD-4CFF-84F3-CA98C0EA13C2}"
EndProject
Global
	GlobalSection(SolutionConfigurationPlatforms) = preSolution
		Debug|Any CPU = Debug|Any CPU
		Release|Any CPU = Release|Any CPU
	EndGlobalSection
	GlobalSection(ProjectConfigurationPlatforms) = postSolution
		{4C4557E2-A8FD-4CFF-84F3-CA98C0EA13C2}.Debug|Any CPU.ActiveCfg = Debug|Any CPU
		{4C4557E2-A8FD-4CFF-84F3-CA98C0EA13C2}.Debug|Any CPU.Build.0 = Debug|Any CPU
		{4C4557E2-A8FD-4CFF-84F3-CA98C0EA13C2}.Release|Any CPU.ActiveCfg = Release|Any CPU
		{4C4557E2-A8FD-4CFF-84F3-CA98C0EA13C2}.Release|Any CPU.Build.0 = Release|Any CPU
	EndGlobalSection
	GlobalSection(SolutionProperties) = preSolution
		HideSolutionNode = FALSE
	EndGlobalSection
	GlobalSection(ExtensibilityGlobals) = postSolution
		SolutionGuid = {1D831E1D-9844-479F-B175-EDF39E02250E}
	EndGlobalSection
EndGlobal
